
Microsoft Visual Studio Solution File, Format Version 12.00
# Visual Studio Version 17
VisualStudioVersion = 17.0.31611.283
MinimumVisualStudioVersion = 10.0.40219.1
Project("{9A19103F-16F7-4668-BE54-9A1E7A4F7556}") = "AppoMobi.Maui.DrawnUi", "..\..\AppoMobi.Maui.DrawnUi\src\Lib\AppoMobi.Maui.DrawnUi.csproj", "{2F36017D-120A-43B4-A979-BD56CB854BB7}"
EndProject
Project("{9A19103F-16F7-4668-BE54-9A1E7A4F7556}") = "AppoMobi.Maui.Gestures", "..\..\AppoMobi.Maui.DrawnUi\src\Refs\AppoMobi.Maui.Gestures\src\AppoMobi.Maui.Gestures.csproj", "{2A085364-0F90-4255-9AAF-F04D8FBFB50D}"
EndProject
Project("{9A19103F-16F7-4668-BE54-9A1E7A4F7556}") = "AppoMobi.Maui.Navigation", "..\..\AppoMobi.Maui.DrawnUi\src\Refs\AppoMobi.Maui.Navigation\src\AppoMobi.Maui.Navigation.csproj", "{C0D41350-E6B7-4EA0-945C-C12E54DBD2AF}"
EndProject
Project("{9A19103F-16F7-4668-BE54-9A1E7A4F7556}") = "SurfingAppRefs", "SurfingApp\SurfingAppRefs.csproj", "{C66AA115-3681-4C1C-8C27-9975038BB7C9}"
EndProject
Global
	GlobalSection(SolutionConfigurationPlatforms) = preSolution
		Debug|Any CPU = Debug|Any CPU
		Release|Any CPU = Release|Any CPU
	EndGlobalSection
	GlobalSection(ProjectConfigurationPlatforms) = postSolution
		{2F36017D-120A-43B4-A979-BD56CB854BB7}.Debug|Any CPU.ActiveCfg = Debug|Any CPU
		{2F36017D-120A-43B4-A979-BD56CB854BB7}.Debug|Any CPU.Build.0 = Debug|Any CPU
		{2F36017D-120A-43B4-A979-BD56CB854BB7}.Release|Any CPU.ActiveCfg = Release|Any CPU
		{2F36017D-120A-43B4-A979-BD56CB854BB7}.Release|Any CPU.Build.0 = Release|Any CPU
		{2A085364-0F90-4255-9AAF-F04D8FBFB50D}.Debug|Any CPU.ActiveCfg = Debug|Any CPU
		{2A085364-0F90-4255-9AAF-F04D8FBFB50D}.Debug|Any CPU.Build.0 = Debug|Any CPU
		{2A085364-0F90-4255-9AAF-F04D8FBFB50D}.Release|Any CPU.ActiveCfg = Release|Any CPU
		{2A085364-0F90-4255-9AAF-F04D8FBFB50D}.Release|Any CPU.Build.0 = Release|Any CPU
		{C0D41350-E6B7-4EA0-945C-C12E54DBD2AF}.Debug|Any CPU.ActiveCfg = Debug|Any CPU
		{C0D41350-E6B7-4EA0-945C-C12E54DBD2AF}.Debug|Any CPU.Build.0 = Debug|Any CPU
		{C0D41350-E6B7-4EA0-945C-C12E54DBD2AF}.Release|Any CPU.ActiveCfg = Release|Any CPU
		{C0D41350-E6B7-4EA0-945C-C12E54DBD2AF}.Release|Any CPU.Build.0 = Release|Any CPU
		{C66AA115-3681-4C1C-8C27-9975038BB7C9}.Debug|Any CPU.ActiveCfg = Debug|Any CPU
		{C66AA115-3681-4C1C-8C27-9975038BB7C9}.Debug|Any CPU.Build.0 = Debug|Any CPU
		{C66AA115-3681-4C1C-8C27-9975038BB7C9}.Debug|Any CPU.Deploy.0 = Debug|Any CPU
		{C66AA115-3681-4C1C-8C27-9975038BB7C9}.Release|Any CPU.ActiveCfg = Release|Any CPU
		{C66AA115-3681-4C1C-8C27-9975038BB7C9}.Release|Any CPU.Build.0 = Release|Any CPU
		{C66AA115-3681-4C1C-8C27-9975038BB7C9}.Release|Any CPU.Deploy.0 = Release|Any CPU
	EndGlobalSection
	GlobalSection(SolutionProperties) = preSolution
		HideSolutionNode = FALSE
	EndGlobalSection
	GlobalSection(ExtensibilityGlobals) = postSolution
		SolutionGuid = {61F7FB11-1E47-470C-91E2-47F8143E1572}
	EndGlobalSection
EndGlobal
